
Microsoft Visual Studio Solution File, Format Version 12.00
# Visual Studio 15
Project("{FAE04EC0-301F-11D3-BF4B-00C04F79EFBC}") = "Assembly-CSharp", "Assembly-CSharp.csproj", "{89CEF506-0C9C-6CD3-9A19-CDED14A25744}"
EndProject
Project("{FAE04EC0-301F-11D3-BF4B-00C04F79EFBC}") = "EngineTest", "EngineTest\EngineTest.csproj", "{461F31A8-4B94-4017-8941-E72C3E1123FA}"
EndProject
Global
	GlobalSection(SolutionConfigurationPlatforms) = preSolution
		Debug|Any CPU = Debug|Any CPU
		Release|Any CPU = Release|Any CPU
	EndGlobalSection
	GlobalSection(ProjectConfigurationPlatforms) = postSolution
		{89CEF506-0C9C-6CD3-9A19-CDED14A25744}.Debug|Any CPU.ActiveCfg = Debug|Any CPU
		{89CEF506-0C9C-6CD3-9A19-CDED14A25744}.Debug|Any CPU.Build.0 = Debug|Any CPU
		{89CEF506-0C9C-6CD3-9A19-CDED14A25744}.Release|Any CPU.ActiveCfg = Release|Any CPU
		{89CEF506-0C9C-6CD3-9A19-CDED14A25744}.Release|Any CPU.Build.0 = Release|Any CPU
		{461F31A8-4B94-4017-8941-E72C3E1123FA}.Debug|Any CPU.ActiveCfg = Debug|Any CPU
		{461F31A8-4B94-4017-8941-E72C3E1123FA}.Debug|Any CPU.Build.0 = Debug|Any CPU
		{461F31A8-4B94-4017-8941-E72C3E1123FA}.Release|Any CPU.ActiveCfg = Release|Any CPU
		{461F31A8-4B94-4017-8941-E72C3E1123FA}.Release|Any CPU.Build.0 = Release|Any CPU
	EndGlobalSection
	GlobalSection(SolutionProperties) = preSolution
		HideSolutionNode = FALSE
	EndGlobalSection
EndGlobal
